// !$*UTF8*$!
{
	archiveVersion = 1;
	classes = {
	};
	objectVersion = 56;
	objects = {

/* Begin PBXBuildFile section */
		93FDF98A2948146600C9C0B5 /* AppDelegate.swift in Sources */ = {isa = PBXBuildFile; fileRef = 93FDF9892948146600C9C0B5 /* AppDelegate.swift */; };
		93FDF98C2948146600C9C0B5 /* SceneDelegate.swift in Sources */ = {isa = PBXBuildFile; fileRef = 93FDF98B2948146600C9C0B5 /* SceneDelegate.swift */; };
		93FDF98E2948146600C9C0B5 /* ViewController.swift in Sources */ = {isa = PBXBuildFile; fileRef = 93FDF98D2948146600C9C0B5 /* ViewController.swift */; };
		93FDF9912948146600C9C0B5 /* Main.storyboard in Resources */ = {isa = PBXBuildFile; fileRef = 93FDF98F2948146600C9C0B5 /* Main.storyboard */; };
		93FDF9932948146700C9C0B5 /* Assets.xcassets in Resources */ = {isa = PBXBuildFile; fileRef = 93FDF9922948146700C9C0B5 /* Assets.xcassets */; };
		93FDF9962948146700C9C0B5 /* LaunchScreen.storyboard in Resources */ = {isa = PBXBuildFile; fileRef = 93FDF9942948146700C9C0B5 /* LaunchScreen.storyboard */; };
		93FDF9A12948146700C9C0B5 /* calendarAppTests.swift in Sources */ = {isa = PBXBuildFile; fileRef = 93FDF9A02948146700C9C0B5 /* calendarAppTests.swift */; };
		93FDF9AB2948146700C9C0B5 /* calendarAppUITests.swift in Sources */ = {isa = PBXBuildFile; fileRef = 93FDF9AA2948146700C9C0B5 /* calendarAppUITests.swift */; };
		93FDF9AD2948146700C9C0B5 /* calendarAppUITestsLaunchTests.swift in Sources */ = {isa = PBXBuildFile; fileRef = 93FDF9AC2948146700C9C0B5 /* calendarAppUITestsLaunchTests.swift */; };
		93FDF9BA29481CFF00C9C0B5 /* calendarcell.swift in Sources */ = {isa = PBXBuildFile; fileRef = 93FDF9B929481CFF00C9C0B5 /* calendarcell.swift */; };
		93FDF9BC2948273B00C9C0B5 /* calendarHelper.swift in Sources */ = {isa = PBXBuildFile; fileRef = 93FDF9BB2948273B00C9C0B5 /* calendarHelper.swift */; };
/* End PBXBuildFile section */

/* Begin PBXContainerItemProxy section */
		93FDF99D2948146700C9C0B5 /* PBXContainerItemProxy */ = {
			isa = PBXContainerItemProxy;
			containerPortal = 93FDF97E2948146600C9C0B5 /* Project object */;
			proxyType = 1;
			remoteGlobalIDString = 93FDF9852948146600C9C0B5;
			remoteInfo = calendarApp;
		};
		93FDF9A72948146700C9C0B5 /* PBXContainerItemProxy */ = {
			isa = PBXContainerItemProxy;
			containerPortal = 93FDF97E2948146600C9C0B5 /* Project object */;
			proxyType = 1;
			remoteGlobalIDString = 93FDF9852948146600C9C0B5;
			remoteInfo = calendarApp;
		};
/* End PBXContainerItemProxy section */

/* Begin PBXFileReference section */
		93FDF9862948146600C9C0B5 /* calendarApp.app */ = {isa = PBXFileReference; explicitFileType = wrapper.application; includeInIndex = 0; path = calendarApp.app; sourceTree = BUILT_PRODUCTS_DIR; };
		93FDF9892948146600C9C0B5 /* AppDelegate.swift */ = {isa = PBXFileReference; lastKnownFileType = sourcecode.swift; path = AppDelegate.swift; sourceTree = "<group>"; };
		93FDF98B2948146600C9C0B5 /* SceneDelegate.swift */ = {isa = PBXFileReference; lastKnownFileType = sourcecode.swift; path = SceneDelegate.swift; sourceTree = "<group>"; };
		93FDF98D2948146600C9C0B5 /* ViewController.swift */ = {isa = PBXFileReference; lastKnownFileType = sourcecode.swift; path = ViewController.swift; sourceTree = "<group>"; };
		93FDF9902948146600C9C0B5 /* Base */ = {isa = PBXFileReference; lastKnownFileType = file.storyboard; name = Base; path = Base.lproj/Main.storyboard; sourceTree = "<group>"; };
		93FDF9922948146700C9C0B5 /* Assets.xcassets */ = {isa = PBXFileReference; lastKnownFileType = folder.assetcatalog; path = Assets.xcassets; sourceTree = "<group>"; };
		93FDF9952948146700C9C0B5 /* Base */ = {isa = PBXFileReference; lastKnownFileType = file.storyboard; name = Base; path = Base.lproj/LaunchScreen.storyboard; sourceTree = "<group>"; };
		93FDF9972948146700C9C0B5 /* Info.plist */ = {isa = PBXFileReference; lastKnownFileType = text.plist.xml; path = Info.plist; sourceTree = "<group>"; };
		93FDF99C2948146700C9C0B5 /* calendarAppTests.xctest */ = {isa = PBXFileReference; explicitFileType = wrapper.cfbundle; includeInIndex = 0; path = calendarAppTests.xctest; sourceTree = BUILT_PRODUCTS_DIR; };
		93FDF9A02948146700C9C0B5 /* calendarAppTests.swift */ = {isa = PBXFileReference; lastKnownFileType = sourcecode.swift; path = calendarAppTests.swift; sourceTree = "<group>"; };
		93FDF9A62948146700C9C0B5 /* calendarAppUITests.xctest */ = {isa = PBXFileReference; explicitFileType = wrapper.cfbundle; includeInIndex = 0; path = calendarAppUITests.xctest; sourceTree = BUILT_PRODUCTS_DIR; };
		93FDF9AA2948146700C9C0B5 /* calendarAppUITests.swift */ = {isa = PBXFileReference; lastKnownFileType = sourcecode.swift; path = calendarAppUITests.swift; sourceTree = "<group>"; };
		93FDF9AC2948146700C9C0B5 /* calendarAppUITestsLaunchTests.swift */ = {isa = PBXFileReference; lastKnownFileType = sourcecode.swift; path = calendarAppUITestsLaunchTests.swift; sourceTree = "<group>"; };
		93FDF9B929481CFF00C9C0B5 /* calendarcell.swift */ = {isa = PBXFileReference; lastKnownFileType = sourcecode.swift; path = calendarcell.swift; sourceTree = "<group>"; };
		93FDF9BB2948273B00C9C0B5 /* calendarHelper.swift */ = {isa = PBXFileReference; lastKnownFileType = sourcecode.swift; path = calendarHelper.swift; sourceTree = "<group>"; };
/* End PBXFileReference section */

/* Begin PBXFrameworksBuildPhase section */
		93FDF9832948146600C9C0B5 /* Frameworks */ = {
			isa = PBXFrameworksBuildPhase;
			buildActionMask = 2147483647;
			files = (
			);
			runOnlyForDeploymentPostprocessing = 0;
		};
		93FDF9992948146700C9C0B5 /* Frameworks */ = {
			isa = PBXFrameworksBuildPhase;
			buildActionMask = 2147483647;
			files = (
			);
			runOnlyForDeploymentPostprocessing = 0;
		};
		93FDF9A32948146700C9C0B5 /* Frameworks */ = {
			isa = PBXFrameworksBuildPhase;
			buildActionMask = 2147483647;
			files = (
			);
			runOnlyForDeploymentPostprocessing = 0;
		};
/* End PBXFrameworksBuildPhase section */

/* Begin PBXGroup section */
		93FDF97D2948146600C9C0B5 = {
			isa = PBXGroup;
			children = (
				93FDF9882948146600C9C0B5 /* calendarApp */,
				93FDF99F2948146700C9C0B5 /* calendarAppTests */,
				93FDF9A92948146700C9C0B5 /* calendarAppUITests */,
				93FDF9872948146600C9C0B5 /* Products */,
			);
			sourceTree = "<group>";
		};
		93FDF9872948146600C9C0B5 /* Products */ = {
			isa = PBXGroup;
			children = (
				93FDF9862948146600C9C0B5 /* calendarApp.app */,
				93FDF99C2948146700C9C0B5 /* calendarAppTests.xctest */,
				93FDF9A62948146700C9C0B5 /* calendarAppUITests.xctest */,
			);
			name = Products;
			sourceTree = "<group>";
		};
		93FDF9882948146600C9C0B5 /* calendarApp */ = {
			isa = PBXGroup;
			children = (
				93FDF9892948146600C9C0B5 /* AppDelegate.swift */,
				93FDF98B2948146600C9C0B5 /* SceneDelegate.swift */,
				93FDF98D2948146600C9C0B5 /* ViewController.swift */,
				93FDF98F2948146600C9C0B5 /* Main.storyboard */,
				93FDF9BB2948273B00C9C0B5 /* calendarHelper.swift */,
				93FDF9B929481CFF00C9C0B5 /* calendarcell.swift */,
				93FDF9922948146700C9C0B5 /* Assets.xcassets */,
				93FDF9942948146700C9C0B5 /* LaunchScreen.storyboard */,
				93FDF9972948146700C9C0B5 /* Info.plist */,
			);
			path = calendarApp;
			sourceTree = "<group>";
		};
		93FDF99F2948146700C9C0B5 /* calendarAppTests */ = {
			isa = PBXGroup;
			children = (
				93FDF9A02948146700C9C0B5 /* calendarAppTests.swift */,
			);
			path = calendarAppTests;
			sourceTree = "<group>";
		};
		93FDF9A92948146700C9C0B5 /* calendarAppUITests */ = {
			isa = PBXGroup;
			children = (
				93FDF9AA2948146700C9C0B5 /* calendarAppUITests.swift */,
				93FDF9AC2948146700C9C0B5 /* calendarAppUITestsLaunchTests.swift */,
			);
			path = calendarAppUITests;
			sourceTree = "<group>";
		};
/* End PBXGroup section */

/* Begin PBXNativeTarget section */
		93FDF9852948146600C9C0B5 /* calendarApp */ = {
			isa = PBXNativeTarget;
			buildConfigurationList = 93FDF9B02948146700C9C0B5 /* Build configuration list for PBXNativeTarget "calendarApp" */;
			buildPhases = (
				93FDF9822948146600C9C0B5 /* Sources */,
				93FDF9832948146600C9C0B5 /* Frameworks */,
				93FDF9842948146600C9C0B5 /* Resources */,
			);
			buildRules = (
			);
			dependencies = (
			);
			name = calendarApp;
			productName = calendarApp;
			productReference = 93FDF9862948146600C9C0B5 /* calendarApp.app */;
			productType = "com.apple.product-type.application";
		};
		93FDF99B2948146700C9C0B5 /* calendarAppTests */ = {
			isa = PBXNativeTarget;
			buildConfigurationList = 93FDF9B32948146700C9C0B5 /* Build configuration list for PBXNativeTarget "calendarAppTests" */;
			buildPhases = (
				93FDF9982948146700C9C0B5 /* Sources */,
				93FDF9992948146700C9C0B5 /* Frameworks */,
				93FDF99A2948146700C9C0B5 /* Resources */,
			);
			buildRules = (
			);
			dependencies = (
				93FDF99E2948146700C9C0B5 /* PBXTargetDependency */,
			);
			name = calendarAppTests;
			productName = calendarAppTests;
			productReference = 93FDF99C2948146700C9C0B5 /* calendarAppTests.xctest */;
			productType = "com.apple.product-type.bundle.unit-test";
		};
		93FDF9A52948146700C9C0B5 /* calendarAppUITests */ = {
			isa = PBXNativeTarget;
			buildConfigurationList = 93FDF9B62948146700C9C0B5 /* Build configuration list for PBXNativeTarget "calendarAppUITests" */;
			buildPhases = (
				93FDF9A22948146700C9C0B5 /* Sources */,
				93FDF9A32948146700C9C0B5 /* Frameworks */,
				93FDF9A42948146700C9C0B5 /* Resources */,
			);
			buildRules = (
			);
			dependencies = (
				93FDF9A82948146700C9C0B5 /* PBXTargetDependency */,
			);
			name = calendarAppUITests;
			productName = calendarAppUITests;
			productReference = 93FDF9A62948146700C9C0B5 /* calendarAppUITests.xctest */;
			productType = "com.apple.product-type.bundle.ui-testing";
		};
/* End PBXNativeTarget section */

/* Begin PBXProject section */
		93FDF97E2948146600C9C0B5 /* Project object */ = {
			isa = PBXProject;
			attributes = {
				BuildIndependentTargetsInParallel = 1;
				LastSwiftUpdateCheck = 1410;
				LastUpgradeCheck = 1410;
				TargetAttributes = {
					93FDF9852948146600C9C0B5 = {
						CreatedOnToolsVersion = 14.1;
					};
					93FDF99B2948146700C9C0B5 = {
						CreatedOnToolsVersion = 14.1;
						TestTargetID = 93FDF9852948146600C9C0B5;
					};
					93FDF9A52948146700C9C0B5 = {
						CreatedOnToolsVersion = 14.1;
						TestTargetID = 93FDF9852948146600C9C0B5;
					};
				};
			};
			buildConfigurationList = 93FDF9812948146600C9C0B5 /* Build configuration list for PBXProject "calendarApp" */;
			compatibilityVersion = "Xcode 14.0";
			developmentRegion = en;
			hasScannedForEncodings = 0;
			knownRegions = (
				en,
				Base,
			);
			mainGroup = 93FDF97D2948146600C9C0B5;
			productRefGroup = 93FDF9872948146600C9C0B5 /* Products */;
			projectDirPath = "";
			projectRoot = "";
			targets = (
				93FDF9852948146600C9C0B5 /* calendarApp */,
				93FDF99B2948146700C9C0B5 /* calendarAppTests */,
				93FDF9A52948146700C9C0B5 /* calendarAppUITests */,
			);
		};
/* End PBXProject section */

/* Begin PBXResourcesBuildPhase section */
		93FDF9842948146600C9C0B5 /* Resources */ = {
			isa = PBXResourcesBuildPhase;
			buildActionMask = 2147483647;
			files = (
				93FDF9962948146700C9C0B5 /* LaunchScreen.storyboard in Resources */,
				93FDF9932948146700C9C0B5 /* Assets.xcassets in Resources */,
				93FDF9912948146600C9C0B5 /* Main.storyboard in Resources */,
			);
			runOnlyForDeploymentPostprocessing = 0;
		};
		93FDF99A2948146700C9C0B5 /* Resources */ = {
			isa = PBXResourcesBuildPhase;
			buildActionMask = 2147483647;
			files = (
			);
			runOnlyForDeploymentPostprocessing = 0;
		};
		93FDF9A42948146700C9C0B5 /* Resources */ = {
			isa = PBXResourcesBuildPhase;
			buildActionMask = 2147483647;
			files = (
			);
			runOnlyForDeploymentPostprocessing = 0;
		};
/* End PBXResourcesBuildPhase section */

/* Begin PBXSourcesBuildPhase section */
		93FDF9822948146600C9C0B5 /* Sources */ = {
			isa = PBXSourcesBuildPhase;
			buildActionMask = 2147483647;
			files = (
				93FDF98E2948146600C9C0B5 /* ViewController.swift in Sources */,
				93FDF98A2948146600C9C0B5 /* AppDelegate.swift in Sources */,
				93FDF98C2948146600C9C0B5 /* SceneDelegate.swift in Sources */,
				93FDF9BA29481CFF00C9C0B5 /* calendarcell.swift in Sources */,
				93FDF9BC2948273B00C9C0B5 /* calendarHelper.swift in Sources */,
			);
			runOnlyForDeploymentPostprocessing = 0;
		};
		93FDF9982948146700C9C0B5 /* Sources */ = {
			isa = PBXSourcesBuildPhase;
			buildActionMask = 2147483647;
			files = (
				93FDF9A12948146700C9C0B5 /* calendarAppTests.swift in Sources */,
			);
			runOnlyForDeploymentPostprocessing = 0;
		};
		93FDF9A22948146700C9C0B5 /* Sources */ = {
			isa = PBXSourcesBuildPhase;
			buildActionMask = 2147483647;
			files = (
				93FDF9AD2948146700C9C0B5 /* calendarAppUITestsLaunchTests.swift in Sources */,
				93FDF9AB2948146700C9C0B5 /* calendarAppUITests.swift in Sources */,
			);
			runOnlyForDeploymentPostprocessing = 0;
		};
/* End PBXSourcesBuildPhase section */

/* Begin PBXTargetDependency section */
		93FDF99E2948146700C9C0B5 /* PBXTargetDependency */ = {
			isa = PBXTargetDependency;
			target = 93FDF9852948146600C9C0B5 /* calendarApp */;
			targetProxy = 93FDF99D2948146700C9C0B5 /* PBXContainerItemProxy */;
		};
		93FDF9A82948146700C9C0B5 /* PBXTargetDependency */ = {
			isa = PBXTargetDependency;
			target = 93FDF9852948146600C9C0B5 /* calendarApp */;
			targetProxy = 93FDF9A72948146700C9C0B5 /* PBXContainerItemProxy */;
		};
/* End PBXTargetDependency section */

/* Begin PBXVariantGroup section */
		93FDF98F2948146600C9C0B5 /* Main.storyboard */ = {
			isa = PBXVariantGroup;
			children = (
				93FDF9902948146600C9C0B5 /* Base */,
			);
			name = Main.storyboard;
			sourceTree = "<group>";
		};
		93FDF9942948146700C9C0B5 /* LaunchScreen.storyboard */ = {
			isa = PBXVariantGroup;
			children = (
				93FDF9952948146700C9C0B5 /* Base */,
			);
			name = LaunchScreen.storyboard;
			sourceTree = "<group>";
		};
/* End PBXVariantGroup section */

/* Begin XCBuildConfiguration section */
		93FDF9AE2948146700C9C0B5 /* Debug */ = {
			isa = XCBuildConfiguration;
			buildSettings = {
				ALWAYS_SEARCH_USER_PATHS = NO;
				CLANG_ANALYZER_NONNULL = YES;
				CLANG_ANALYZER_NUMBER_OBJECT_CONVERSION = YES_AGGRESSIVE;
				CLANG_CXX_LANGUAGE_STANDARD = "gnu++20";
				CLANG_ENABLE_MODULES = YES;
				CLANG_ENABLE_OBJC_ARC = YES;
				CLANG_ENABLE_OBJC_WEAK = YES;
				CLANG_WARN_BLOCK_CAPTURE_AUTORELEASING = YES;
				CLANG_WARN_BOOL_CONVERSION = YES;
				CLANG_WARN_COMMA = YES;
				CLANG_WARN_CONSTANT_CONVERSION = YES;
				CLANG_WARN_DEPRECATED_OBJC_IMPLEMENTATIONS = YES;
				CLANG_WARN_DIRECT_OBJC_ISA_USAGE = YES_ERROR;
				CLANG_WARN_DOCUMENTATION_COMMENTS = YES;
				CLANG_WARN_EMPTY_BODY = YES;
				CLANG_WARN_ENUM_CONVERSION = YES;
				CLANG_WARN_INFINITE_RECURSION = YES;
				CLANG_WARN_INT_CONVERSION = YES;
				CLANG_WARN_NON_LITERAL_NULL_CONVERSION = YES;
				CLANG_WARN_OBJC_IMPLICIT_RETAIN_SELF = YES;
				CLANG_WARN_OBJC_LITERAL_CONVERSION = YES;
				CLANG_WARN_OBJC_ROOT_CLASS = YES_ERROR;
				CLANG_WARN_QUOTED_INCLUDE_IN_FRAMEWORK_HEADER = YES;
				CLANG_WARN_RANGE_LOOP_ANALYSIS = YES;
				CLANG_WARN_STRICT_PROTOTYPES = YES;
				CLANG_WARN_SUSPICIOUS_MOVE = YES;
				CLANG_WARN_UNGUARDED_AVAILABILITY = YES_AGGRESSIVE;
				CLANG_WARN_UNREACHABLE_CODE = YES;
				CLANG_WARN__DUPLICATE_METHOD_MATCH = YES;
				COPY_PHASE_STRIP = NO;
				DEBUG_INFORMATION_FORMAT = dwarf;
				ENABLE_STRICT_OBJC_MSGSEND = YES;
				ENABLE_TESTABILITY = YES;
				GCC_C_LANGUAGE_STANDARD = gnu11;
				GCC_DYNAMIC_NO_PIC = NO;
				GCC_NO_COMMON_BLOCKS = YES;
				GCC_OPTIMIZATION_LEVEL = 0;
				GCC_PREPROCESSOR_DEFINITIONS = (
					"DEBUG=1",
					"$(inherited)",
				);
				GCC_WARN_64_TO_32_BIT_CONVERSION = YES;
				GCC_WARN_ABOUT_RETURN_TYPE = YES_ERROR;
				GCC_WARN_UNDECLARED_SELECTOR = YES;
				GCC_WARN_UNINITIALIZED_AUTOS = YES_AGGRESSIVE;
				GCC_WARN_UNUSED_FUNCTION = YES;
				GCC_WARN_UNUSED_VARIABLE = YES;
				IPHONEOS_DEPLOYMENT_TARGET = 16.1;
				MTL_ENABLE_DEBUG_INFO = INCLUDE_SOURCE;
				MTL_FAST_MATH = YES;
				ONLY_ACTIVE_ARCH = YES;
				SDKROOT = iphoneos;
				SWIFT_ACTIVE_COMPILATION_CONDITIONS = DEBUG;
				SWIFT_OPTIMIZATION_LEVEL = "-Onone";
			};
			name = Debug;
		};
		93FDF9AF2948146700C9C0B5 /* Release */ = {
			isa = XCBuildConfiguration;
			buildSettings = {
				ALWAYS_SEARCH_USER_PATHS = NO;
				CLANG_ANALYZER_NONNULL = YES;
				CLANG_ANALYZER_NUMBER_OBJECT_CONVERSION = YES_AGGRESSIVE;
				CLANG_CXX_LANGUAGE_STANDARD = "gnu++20";
				CLANG_ENABLE_MODULES = YES;
				CLANG_ENABLE_OBJC_ARC = YES;
				CLANG_ENABLE_OBJC_WEAK = YES;
				CLANG_WARN_BLOCK_CAPTURE_AUTORELEASING = YES;
				CLANG_WARN_BOOL_CONVERSION = YES;
				CLANG_WARN_COMMA = YES;
				CLANG_WARN_CONSTANT_CONVERSION = YES;
				CLANG_WARN_DEPRECATED_OBJC_IMPLEMENTATIONS = YES;
				CLANG_WARN_DIRECT_OBJC_ISA_USAGE = YES_ERROR;
				CLANG_WARN_DOCUMENTATION_COMMENTS = YES;
				CLANG_WARN_EMPTY_BODY = YES;
				CLANG_WARN_ENUM_CONVERSION = YES;
				CLANG_WARN_INFINITE_RECURSION = YES;
				CLANG_WARN_INT_CONVERSION = YES;
				CLANG_WARN_NON_LITERAL_NULL_CONVERSION = YES;
				CLANG_WARN_OBJC_IMPLICIT_RETAIN_SELF = YES;
				CLANG_WARN_OBJC_LITERAL_CONVERSION = YES;
				CLANG_WARN_OBJC_ROOT_CLASS = YES_ERROR;
				CLANG_WARN_QUOTED_INCLUDE_IN_FRAMEWORK_HEADER = YES;
				CLANG_WARN_RANGE_LOOP_ANALYSIS = YES;
				CLANG_WARN_STRICT_PROTOTYPES = YES;
				CLANG_WARN_SUSPICIOUS_MOVE = YES;
				CLANG_WARN_UNGUARDED_AVAILABILITY = YES_AGGRESSIVE;
				CLANG_WARN_UNREACHABLE_CODE = YES;
				CLANG_WARN__DUPLICATE_METHOD_MATCH = YES;
				COPY_PHASE_STRIP = NO;
				DEBUG_INFORMATION_FORMAT = "dwarf-with-dsym";
				ENABLE_NS_ASSERTIONS = NO;
				ENABLE_STRICT_OBJC_MSGSEND = YES;
				GCC_C_LANGUAGE_STANDARD = gnu11;
				GCC_NO_COMMON_BLOCKS = YES;
				GCC_WARN_64_TO_32_BIT_CONVERSION = YES;
				GCC_WARN_ABOUT_RETURN_TYPE = YES_ERROR;
				GCC_WARN_UNDECLARED_SELECTOR = YES;
				GCC_WARN_UNINITIALIZED_AUTOS = YES_AGGRESSIVE;
				GCC_WARN_UNUSED_FUNCTION = YES;
				GCC_WARN_UNUSED_VARIABLE = YES;
				IPHONEOS_DEPLOYMENT_TARGET = 16.1;
				MTL_ENABLE_DEBUG_INFO = NO;
				MTL_FAST_MATH = YES;
				SDKROOT = iphoneos;
				SWIFT_COMPILATION_MODE = wholemodule;
				SWIFT_OPTIMIZATION_LEVEL = "-O";
				VALIDATE_PRODUCT = YES;
			};
			name = Release;
		};
		93FDF9B12948146700C9C0B5 /* Debug */ = {
			isa = XCBuildConfiguration;
			buildSettings = {
				ASSETCATALOG_COMPILER_APPICON_NAME = AppIcon;
				ASSETCATALOG_COMPILER_GLOBAL_ACCENT_COLOR_NAME = AccentColor;
				CODE_SIGN_STYLE = Automatic;
				CURRENT_PROJECT_VERSION = 1;
				GENERATE_INFOPLIST_FILE = YES;
				INFOPLIST_FILE = calendarApp/Info.plist;
				INFOPLIST_KEY_UIApplicationSupportsIndirectInputEvents = YES;
				INFOPLIST_KEY_UILaunchStoryboardName = LaunchScreen;
				INFOPLIST_KEY_UIMainStoryboardFile = Main;
				INFOPLIST_KEY_UISupportedInterfaceOrientations_iPad = "UIInterfaceOrientationPortrait UIInterfaceOrientationPortraitUpsideDown UIInterfaceOrientationLandscapeLeft UIInterfaceOrientationLandscapeRight";
				INFOPLIST_KEY_UISupportedInterfaceOrientations_iPhone = "UIInterfaceOrientationPortrait UIInterfaceOrientationLandscapeLeft UIInterfaceOrientationLandscapeRight";
				LD_RUNPATH_SEARCH_PATHS = (
					"$(inherited)",
					"@executable_path/Frameworks",
				);
				MARKETING_VERSION = 1.0;
				PRODUCT_BUNDLE_IDENTIFIER = com.KCalendarApp.calendarApp;
				PRODUCT_NAME = "$(TARGET_NAME)";
				SWIFT_EMIT_LOC_STRINGS = YES;
				SWIFT_VERSION = 5.0;
				TARGETED_DEVICE_FAMILY = "1,2";
			};
			name = Debug;
		};
		93FDF9B22948146700C9C0B5 /* Release */ = {
			isa = XCBuildConfiguration;
			buildSettings = {
				ASSETCATALOG_COMPILER_APPICON_NAME = AppIcon;
				ASSETCATALOG_COMPILER_GLOBAL_ACCENT_COLOR_NAME = AccentColor;
				CODE_SIGN_STYLE = Automatic;
				CURRENT_PROJECT_VERSION = 1;
				GENERATE_INFOPLIST_FILE = YES;
				INFOPLIST_FILE = calendarApp/Info.plist;
				INFOPLIST_KEY_UIApplicationSupportsIndirectInputEvents = YES;
				INFOPLIST_KEY_UILaunchStoryboardName = LaunchScreen;
				INFOPLIST_KEY_UIMainStoryboardFile = Main;
				INFOPLIST_KEY_UISupportedInterfaceOrientations_iPad = "UIInterfaceOrientationPortrait UIInterfaceOrientationPortraitUpsideDown UIInterfaceOrientationLandscapeLeft UIInterfaceOrientationLandscapeRight";
				INFOPLIST_KEY_UISupportedInterfaceOrientations_iPhone = "UIInterfaceOrientationPortrait UIInterfaceOrientationLandscapeLeft UIInterfaceOrientationLandscapeRight";
				LD_RUNPATH_SEARCH_PATHS = (
					"$(inherited)",
					"@executable_path/Frameworks",
				);
				MARKETING_VERSION = 1.0;
				PRODUCT_BUNDLE_IDENTIFIER = com.KCalendarApp.calendarApp;
				PRODUCT_NAME = "$(TARGET_NAME)";
				SWIFT_EMIT_LOC_STRINGS = YES;
				SWIFT_VERSION = 5.0;
				TARGETED_DEVICE_FAMILY = "1,2";
			};
			name = Release;
		};
		93FDF9B42948146700C9C0B5 /* Debug */ = {
			isa = XCBuildConfiguration;
			buildSettings = {
				ALWAYS_EMBED_SWIFT_STANDARD_LIBRARIES = YES;
				BUNDLE_LOADER = "$(TEST_HOST)";
				CODE_SIGN_STYLE = Automatic;
				CURRENT_PROJECT_VERSION = 1;
				GENERATE_INFOPLIST_FILE = YES;
				IPHONEOS_DEPLOYMENT_TARGET = 16.1;
				MARKETING_VERSION = 1.0;
				PRODUCT_BUNDLE_IDENTIFIER = com.KCalendarApp.calendarAppTests;
				PRODUCT_NAME = "$(TARGET_NAME)";
				SWIFT_EMIT_LOC_STRINGS = NO;
				SWIFT_VERSION = 5.0;
				TARGETED_DEVICE_FAMILY = "1,2";
				TEST_HOST = "$(BUILT_PRODUCTS_DIR)/calendarApp.app/$(BUNDLE_EXECUTABLE_FOLDER_PATH)/calendarApp";
			};
			name = Debug;
		};
		93FDF9B52948146700C9C0B5 /* Release */ = {
			isa = XCBuildConfiguration;
			buildSettings = {
				ALWAYS_EMBED_SWIFT_STANDARD_LIBRARIES = YES;
				BUNDLE_LOADER = "$(TEST_HOST)";
				CODE_SIGN_STYLE = Automatic;
				CURRENT_PROJECT_VERSION = 1;
				GENERATE_INFOPLIST_FILE = YES;
				IPHONEOS_DEPLOYMENT_TARGET = 16.1;
				MARKETING_VERSION = 1.0;
				PRODUCT_BUNDLE_IDENTIFIER = com.KCalendarApp.calendarAppTests;
				PRODUCT_NAME = "$(TARGET_NAME)";
				SWIFT_EMIT_LOC_STRINGS = NO;
				SWIFT_VERSION = 5.0;
				TARGETED_DEVICE_FAMILY = "1,2";
				TEST_HOST = "$(BUILT_PRODUCTS_DIR)/calendarApp.app/$(BUNDLE_EXECUTABLE_FOLDER_PATH)/calendarApp";
			};
			name = Release;
		};
		93FDF9B72948146700C9C0B5 /* Debug */ = {
			isa = XCBuildConfiguration;
			buildSettings = {
				ALWAYS_EMBED_SWIFT_STANDARD_LIBRARIES = YES;
				CODE_SIGN_STYLE = Automatic;
				CURRENT_PROJECT_VERSION = 1;
				GENERATE_INFOPLIST_FILE = YES;
				MARKETING_VERSION = 1.0;
				PRODUCT_BUNDLE_IDENTIFIER = com.KCalendarApp.calendarAppUITests;
				PRODUCT_NAME = "$(TARGET_NAME)";
				SWIFT_EMIT_LOC_STRINGS = NO;
				SWIFT_VERSION = 5.0;
				TARGETED_DEVICE_FAMILY = "1,2";
				TEST_TARGET_NAME = calendarApp;
			};
			name = Debug;
		};
		93FDF9B82948146700C9C0B5 /* Release */ = {
			isa = XCBuildConfiguration;
			buildSettings = {
				ALWAYS_EMBED_SWIFT_STANDARD_LIBRARIES = YES;
				CODE_SIGN_STYLE = Automatic;
				CURRENT_PROJECT_VERSION = 1;
				GENERATE_INFOPLIST_FILE = YES;
				MARKETING_VERSION = 1.0;
				PRODUCT_BUNDLE_IDENTIFIER = com.KCalendarApp.calendarAppUITests;
				PRODUCT_NAME = "$(TARGET_NAME)";
				SWIFT_EMIT_LOC_STRINGS = NO;
				SWIFT_VERSION = 5.0;
				TARGETED_DEVICE_FAMILY = "1,2";
				TEST_TARGET_NAME = calendarApp;
			};
			name = Release;
		};
/* End XCBuildConfiguration section */

/* Begin XCConfigurationList section */
		93FDF9812948146600C9C0B5 /* Build configuration list for PBXProject "calendarApp" */ = {
			isa = XCConfigurationList;
			buildConfigurations = (
				93FDF9AE2948146700C9C0B5 /* Debug */,
				93FDF9AF2948146700C9C0B5 /* Release */,
			);
			defaultConfigurationIsVisible = 0;
			defaultConfigurationName = Release;
		};
		93FDF9B02948146700C9C0B5 /* Build configuration list for PBXNativeTarget "calendarApp" */ = {
			isa = XCConfigurationList;
			buildConfigurations = (
				93FDF9B12948146700C9C0B5 /* Debug */,
				93FDF9B22948146700C9C0B5 /* Release */,
			);
			defaultConfigurationIsVisible = 0;
			defaultConfigurationName = Release;
		};
		93FDF9B32948146700C9C0B5 /* Build configuration list for PBXNativeTarget "calendarAppTests" */ = {
			isa = XCConfigurationList;
			buildConfigurations = (
				93FDF9B42948146700C9C0B5 /* Debug */,
				93FDF9B52948146700C9C0B5 /* Release */,
			);
			defaultConfigurationIsVisible = 0;
			defaultConfigurationName = Release;
		};
		93FDF9B62948146700C9C0B5 /* Build configuration list for PBXNativeTarget "calendarAppUITests" */ = {
			isa = XCConfigurationList;
			buildConfigurations = (
				93FDF9B72948146700C9C0B5 /* Debug */,
				93FDF9B82948146700C9C0B5 /* Release */,
			);
			defaultConfigurationIsVisible = 0;
			defaultConfigurationName = Release;
		};
/* End XCConfigurationList section */
	};
	rootObject = 93FDF97E2948146600C9C0B5 /* Project object */;
}
